
Microsoft Visual Studio Solution File, Format Version 12.00
# Visual Studio Version 17
VisualStudioVersion = 17.3.32811.315
MinimumVisualStudioVersion = 10.0.40219.1
Project("{FAE04EC0-301F-11D3-BF4B-00C04F79EFBC}") = "Day19Assignment", "Day19Assignment.csproj", "{A7C9AD3C-6908-4E7E-953F-AD92E62145DC}"
EndProject
Global
	GlobalSection(SolutionConfigurationPlatforms) = preSolution
		Debug|Any CPU = Debug|Any CPU
		Release|Any CPU = Release|Any CPU
	EndGlobalSection
	GlobalSection(ProjectConfigurationPlatforms) = postSolution
		{A7C9AD3C-6908-4E7E-953F-AD92E62145DC}.Debug|Any CPU.ActiveCfg = Debug|Any CPU
		{A7C9AD3C-6908-4E7E-953F-AD92E62145DC}.Debug|Any CPU.Build.0 = Debug|Any CPU
		{A7C9AD3C-6908-4E7E-953F-AD92E62145DC}.Release|Any CPU.ActiveCfg = Release|Any CPU
		{A7C9AD3C-6908-4E7E-953F-AD92E62145DC}.Release|Any CPU.Build.0 = Release|Any CPU
	EndGlobalSection
	GlobalSection(SolutionProperties) = preSolution
		HideSolutionNode = FALSE
	EndGlobalSection
	GlobalSection(ExtensibilityGlobals) = postSolution
		SolutionGuid = {7FA64A80-CFE7-49E6-8B2D-5749D81532A7}
	EndGlobalSection
EndGlobal
